PODS:
  - Flutter (1.0.0)
  - flutter_google_places_sdk_ios (0.0.1):
    - Flutter
    - GooglePlaces
  - GooglePlaces (5.0.0)

DEPENDENCIES:
  - Flutter (from `Flutter`)
  - flutter_google_places_sdk_ios (from `.symlinks/plugins/flutter_google_places_sdk_ios/ios`)

SPEC REPOS:
  trunk:
    - GooglePlaces

EXTERNAL SOURCES:
  Flutter:
    :path: Flutter
  flutter_google_places_sdk_ios:
    :path: ".symlinks/plugins/flutter_google_places_sdk_ios/ios"

SPEC CHECKSUMS:
  Flutter: 50d75fe2f02b26cc09d224853bb45737f8b3214a
  flutter_google_places_sdk_ios: 68d8df9529e979d2554bdb8076020f7515ab566d
  GooglePlaces: 5d87ca13ed98b7a937e0d8bc7026f718c7263271

PODFILE CHECKSUM: 642e1262a59f7238a9b65ccfac5b00f35ff92053

COCOAPODS: 1.11.2
