PODS:
  - Flutter (1.0.0)
  - flutter_google_places_sdk_ios (0.0.2):
    - Flutter
    - GooglePlaces (~> 8.3.0)
  - GooglePlaces (8.3.0)

DEPENDENCIES:
  - Flutter (from `Flutter`)
  - flutter_google_places_sdk_ios (from `.symlinks/plugins/flutter_google_places_sdk_ios/ios`)

SPEC REPOS:
  trunk:
    - GooglePlaces

EXTERNAL SOURCES:
  Flutter:
    :path: Flutter
  flutter_google_places_sdk_ios:
    :path: ".symlinks/plugins/flutter_google_places_sdk_ios/ios"

SPEC CHECKSUMS:
  Flutter: e0871f40cf51350855a761d2e70bf5af5b9b5de7
  flutter_google_places_sdk_ios: 96daaf1831d0570627140a1469427d14b6ee0d07
  GooglePlaces: b922e192c50994436900ef14d19f84971950250b

PODFILE CHECKSUM: 0e7df49a070ca6a0600383e3ff3158cb74cc9dbf

COCOAPODS: 1.15.2
